
Microsoft Visual Studio Solution File, Format Version 12.00
# Visual Studio 2013
VisualStudioVersion = 12.0.31101.0
MinimumVisualStudioVersion = 10.0.40219.1
Project("{FAE04EC0-301F-11D3-BF4B-00C04F79EFBC}") = "Bois.DAL", "Bois.DAL\Bois.DAL.csproj", "{11B908CF-4847-4247-8313-F8C73124AC9D}"
EndProject
Project("{FAE04EC0-301F-11D3-BF4B-00C04F79EFBC}") = "Bois.BLL", "Bois.BLL\Bois.BLL.csproj", "{7775DCE1-C38A-4313-A456-77CC740F45C7}"
EndProject
Project("{FAE04EC0-301F-11D3-BF4B-00C04F79EFBC}") = "Bois.WebApi", "Bois.WebApi\Bois.WebApi.csproj", "{912AC15B-D48A-4795-B76D-8590CC18872C}"
EndProject
Global
	GlobalSection(SolutionConfigurationPlatforms) = preSolution
		Debug|Any CPU = Debug|Any CPU
		Release|Any CPU = Release|Any CPU
	EndGlobalSection
	GlobalSection(ProjectConfigurationPlatforms) = postSolution
		{11B908CF-4847-4247-8313-F8C73124AC9D}.Debug|Any CPU.ActiveCfg = Debug|Any CPU
		{11B908CF-4847-4247-8313-F8C73124AC9D}.Debug|Any CPU.Build.0 = Debug|Any CPU
		{11B908CF-4847-4247-8313-F8C73124AC9D}.Release|Any CPU.ActiveCfg = Release|Any CPU
		{11B908CF-4847-4247-8313-F8C73124AC9D}.Release|Any CPU.Build.0 = Release|Any CPU
		{7775DCE1-C38A-4313-A456-77CC740F45C7}.Debug|Any CPU.ActiveCfg = Debug|Any CPU
		{7775DCE1-C38A-4313-A456-77CC740F45C7}.Debug|Any CPU.Build.0 = Debug|Any CPU
		{7775DCE1-C38A-4313-A456-77CC740F45C7}.Release|Any CPU.ActiveCfg = Release|Any CPU
		{7775DCE1-C38A-4313-A456-77CC740F45C7}.Release|Any CPU.Build.0 = Release|Any CPU
		{912AC15B-D48A-4795-B76D-8590CC18872C}.Debug|Any CPU.ActiveCfg = Debug|Any CPU
		{912AC15B-D48A-4795-B76D-8590CC18872C}.Debug|Any CPU.Build.0 = Debug|Any CPU
		{912AC15B-D48A-4795-B76D-8590CC18872C}.Release|Any CPU.ActiveCfg = Release|Any CPU
		{912AC15B-D48A-4795-B76D-8590CC18872C}.Release|Any CPU.Build.0 = Release|Any CPU
	EndGlobalSection
	GlobalSection(SolutionProperties) = preSolution
		HideSolutionNode = FALSE
	EndGlobalSection
EndGlobal
